{
    "_readme": [
        "This file locks the dependencies of your project to a known state",
        "Read more about it at https://getcomposer.org/doc/01-basic-usage.md#composer-lock-the-lock-file",
        "This file is @generated automatically"
    ],
    "content-hash": "e04cef1ff76efb2135a7c9df49043d14",
    "packages": [
        {
            "name": "pear/archive_tar",
            "version": "1.3.11",
            "source": {
                "type": "git",
                "url": "https://github.com/pear/Archive_Tar.git",
                "reference": "23341344e19bbab1056cf2d2773f28cfccf787a3"
            },
            "dist": {
                "type": "zip",
                "url": "https://api.github.com/repos/pear/Archive_Tar/zipball/23341344e19bbab1056cf2d2773f28cfccf787a3",
                "reference": "23341344e19bbab1056cf2d2773f28cfccf787a3",
                "shasum": ""
            },
            "require": {
                "php": ">=4.3.0"
            },
            "type": "library",
            "autoload": {
                "psr-0": {
                    "Archive_Tar": ""
                }
            },
            "notification-url": "https://packagist.org/downloads/",
            "license": [
                "BSD-3-Clause"
            ],
            "authors": [
                {
                    "name": "Michiel Rook",
                    "email": "mrook@php.net",
                    "role": "Lead"
                },
                {
                    "name": "Vincent Blavet",
                    "email": "vincent@phpconcept.net"
                },
                {
                    "name": "Greg Beaver",
                    "email": "greg@chiaraquartet.net"
                }
            ],
            "description": "Tar file management class",
            "homepage": "https://github.com/pear/Archive_Tar",
            "keywords": [
                "archive",
                "tar"
            ],
            "time": "2013-02-09T11:44:32+00:00"
        },
        {
            "name": "phing/phing",
            "version": "2.6.1",
            "source": {
                "type": "git",
                "url": "https://github.com/phingofficial/phing.git",
                "reference": "3f7d71bf561bafea39087250f777b349438cc32e"
            },
            "dist": {
                "type": "zip",
                "url": "https://api.github.com/repos/phingofficial/phing/zipball/3f7d71bf561bafea39087250f777b349438cc32e",
                "reference": "3f7d71bf561bafea39087250f777b349438cc32e",
                "shasum": ""
            },
            "require": {
                "php": ">=5.2.0"
            },
            "bin": [
                "bin/phing"
            ],
            "type": "library",
            "autoload": {
                "classmap": [
                    "classes/phing/"
                ]
            },
            "notification-url": "https://packagist.org/downloads/",
            "include-path": [
                "classes"
            ],
            "license": [
                "LGPL3"
            ],
            "authors": [
                {
                    "name": "Michiel Rook",
                    "email": "mrook@php.net",
                    "role": "Lead"
                },
                {
                    "name": "Phing Community",
                    "homepage": "http://www.phing.info/trac/wiki/Development/Contributors"
                }
            ],
            "description": "PHing Is Not GNU make; it's a PHP project build system or build tool based on Apache Ant.",
            "homepage": "http://www.phing.info/",
            "keywords": [
                "build",
                "task",
                "tool"
            ],
            "time": "2013-08-26T21:13:03+00:00"
        },
        {
            "name": "rsky/pear-core-min",
            "version": "dev-master",
            "source": {
                "type": "git",
                "url": "https://github.com/rsky/pear-core-min.git",
                "reference": "31b5b0a9fc4804c1781f05a2bb661f65376fe8b9"
            },
            "dist": {
                "type": "zip",
                "url": "https://api.github.com/repos/rsky/pear-core-min/zipball/31b5b0a9fc4804c1781f05a2bb661f65376fe8b9",
                "reference": "31b5b0a9fc4804c1781f05a2bb661f65376fe8b9",
                "shasum": ""
            },
            "require": {
                "php": ">=5.0.0"
            },
            "replace": {
                "pear-pear.php.net/console_getopt": "1.3.1",
                "pear-pear.php.net/pear": "1.9.4"
            },
            "type": "library",
            "autoload": {
                "classmap": [
                    "/"
                ]
            },
            "notification-url": "https://packagist.org/downloads/",
            "include-path": [
                "/"
            ],
            "license": [
                "BSD-2-Clause",
                "PHP-3.0"
            ],
            "description": "The minimum subset of https://github.com/pear/pear-core",
            "homepage": "https://github.com/rsky/pear-core-min",
            "time": "2013-03-31 14:28:09"
        }
    ],
    "packages-dev": [],
    "aliases": [],
    "minimum-stability": "stable",
    "stability-flags": {
        "rsky/pear-core-min": 20
    },
    "prefer-stable": false,
    "prefer-lowest": false,
    "platform": [],
    "platform-dev": []
}
